
Microsoft Visual Studio Solution File, Format Version 12.00
# Visual Studio Version 17
VisualStudioVersion = 17.14.36616.10 d17.14
MinimumVisualStudioVersion = 10.0.40219.1
Project("{FAE04EC0-301F-11D3-BF4B-00C04F79EFBC}") = "Delegados2_3", "Delegados2_3\Delegados2_3.csproj", "{406B7990-F42E-4DC4-B84E-FE591D788B3E}"
EndProject
Global
	GlobalSection(SolutionConfigurationPlatforms) = preSolution
		Debug|Any CPU = Debug|Any CPU
		Release|Any CPU = Release|Any CPU
	EndGlobalSection
	GlobalSection(ProjectConfigurationPlatforms) = postSolution
		{406B7990-F42E-4DC4-B84E-FE591D788B3E}.Debug|Any CPU.ActiveCfg = Debug|Any CPU
		{406B7990-F42E-4DC4-B84E-FE591D788B3E}.Debug|Any CPU.Build.0 = Debug|Any CPU
		{406B7990-F42E-4DC4-B84E-FE591D788B3E}.Release|Any CPU.ActiveCfg = Release|Any CPU
		{406B7990-F42E-4DC4-B84E-FE591D788B3E}.Release|Any CPU.Build.0 = Release|Any CPU
	EndGlobalSection
	GlobalSection(SolutionProperties) = preSolution
		HideSolutionNode = FALSE
	EndGlobalSection
	GlobalSection(ExtensibilityGlobals) = postSolution
		SolutionGuid = {90540F01-EF5D-4BED-9232-DE5E6EDB1F93}
	EndGlobalSection
EndGlobal
