
Microsoft Visual Studio Solution File, Format Version 12.00
# Visual Studio Version 17
VisualStudioVersion = 17.14.36414.22 d17.14
MinimumVisualStudioVersion = 10.0.40219.1
Project("{FAE04EC0-301F-11D3-BF4B-00C04F79EFBC}") = "Delegados2_9", "Delegados2_9\Delegados2_9.csproj", "{8E7F4B19-B184-4A11-8F06-E6F11DBE52C8}"
EndProject
Global
	GlobalSection(SolutionConfigurationPlatforms) = preSolution
		Debug|Any CPU = Debug|Any CPU
		Release|Any CPU = Release|Any CPU
	EndGlobalSection
	GlobalSection(ProjectConfigurationPlatforms) = postSolution
		{8E7F4B19-B184-4A11-8F06-E6F11DBE52C8}.Debug|Any CPU.ActiveCfg = Debug|Any CPU
		{8E7F4B19-B184-4A11-8F06-E6F11DBE52C8}.Debug|Any CPU.Build.0 = Debug|Any CPU
		{8E7F4B19-B184-4A11-8F06-E6F11DBE52C8}.Release|Any CPU.ActiveCfg = Release|Any CPU
		{8E7F4B19-B184-4A11-8F06-E6F11DBE52C8}.Release|Any CPU.Build.0 = Release|Any CPU
	EndGlobalSection
	GlobalSection(SolutionProperties) = preSolution
		HideSolutionNode = FALSE
	EndGlobalSection
	GlobalSection(ExtensibilityGlobals) = postSolution
		SolutionGuid = {DCA73707-362A-4006-8DD7-63C5794F9EBB}
	EndGlobalSection
EndGlobal
