
Microsoft Visual Studio Solution File, Format Version 12.00
# Visual Studio Version 17
VisualStudioVersion = 17.14.36414.22 d17.14
MinimumVisualStudioVersion = 10.0.40219.1
Project("{FAE04EC0-301F-11D3-BF4B-00C04F79EFBC}") = "EventosYDelegados_2", "EventosYDelegados_2\EventosYDelegados_2.csproj", "{29C0BDCA-7D9C-4E46-BB21-74A77DB4417F}"
EndProject
Global
	GlobalSection(SolutionConfigurationPlatforms) = preSolution
		Debug|Any CPU = Debug|Any CPU
		Release|Any CPU = Release|Any CPU
	EndGlobalSection
	GlobalSection(ProjectConfigurationPlatforms) = postSolution
		{29C0BDCA-7D9C-4E46-BB21-74A77DB4417F}.Debug|Any CPU.ActiveCfg = Debug|Any CPU
		{29C0BDCA-7D9C-4E46-BB21-74A77DB4417F}.Debug|Any CPU.Build.0 = Debug|Any CPU
		{29C0BDCA-7D9C-4E46-BB21-74A77DB4417F}.Release|Any CPU.ActiveCfg = Release|Any CPU
		{29C0BDCA-7D9C-4E46-BB21-74A77DB4417F}.Release|Any CPU.Build.0 = Release|Any CPU
	EndGlobalSection
	GlobalSection(SolutionProperties) = preSolution
		HideSolutionNode = FALSE
	EndGlobalSection
	GlobalSection(ExtensibilityGlobals) = postSolution
		SolutionGuid = {D7DA12DA-B7EC-43DF-BB11-119BBE363BD3}
	EndGlobalSection
EndGlobal
