
Microsoft Visual Studio Solution File, Format Version 12.00
# Visual Studio Version 17
VisualStudioVersion = 17.14.36414.22 d17.14
MinimumVisualStudioVersion = 10.0.40219.1
Project("{FAE04EC0-301F-11D3-BF4B-00C04F79EFBC}") = "EventosYDelegados_1", "EventosYDelegados_1\EventosYDelegados_1.csproj", "{45DC6F65-7D2A-4EEB-B3D7-3CC4399C2995}"
EndProject
Global
	GlobalSection(SolutionConfigurationPlatforms) = preSolution
		Debug|Any CPU = Debug|Any CPU
		Release|Any CPU = Release|Any CPU
	EndGlobalSection
	GlobalSection(ProjectConfigurationPlatforms) = postSolution
		{45DC6F65-7D2A-4EEB-B3D7-3CC4399C2995}.Debug|Any CPU.ActiveCfg = Debug|Any CPU
		{45DC6F65-7D2A-4EEB-B3D7-3CC4399C2995}.Debug|Any CPU.Build.0 = Debug|Any CPU
		{45DC6F65-7D2A-4EEB-B3D7-3CC4399C2995}.Release|Any CPU.ActiveCfg = Release|Any CPU
		{45DC6F65-7D2A-4EEB-B3D7-3CC4399C2995}.Release|Any CPU.Build.0 = Release|Any CPU
	EndGlobalSection
	GlobalSection(SolutionProperties) = preSolution
		HideSolutionNode = FALSE
	EndGlobalSection
	GlobalSection(ExtensibilityGlobals) = postSolution
		SolutionGuid = {5BCD9742-320C-4091-BFF5-C2E81BA068AA}
	EndGlobalSection
EndGlobal
