
Microsoft Visual Studio Solution File, Format Version 12.00
# Visual Studio Version 17
VisualStudioVersion = 17.14.36414.22 d17.14
MinimumVisualStudioVersion = 10.0.40219.1
Project("{FAE04EC0-301F-11D3-BF4B-00C04F79EFBC}") = "Delegados2", "Delegados2\Delegados2.csproj", "{5A5EC2BC-C341-4598-A105-0FEFA84C3353}"
EndProject
Global
	GlobalSection(SolutionConfigurationPlatforms) = preSolution
		Debug|Any CPU = Debug|Any CPU
		Release|Any CPU = Release|Any CPU
	EndGlobalSection
	GlobalSection(ProjectConfigurationPlatforms) = postSolution
		{5A5EC2BC-C341-4598-A105-0FEFA84C3353}.Debug|Any CPU.ActiveCfg = Debug|Any CPU
		{5A5EC2BC-C341-4598-A105-0FEFA84C3353}.Debug|Any CPU.Build.0 = Debug|Any CPU
		{5A5EC2BC-C341-4598-A105-0FEFA84C3353}.Release|Any CPU.ActiveCfg = Release|Any CPU
		{5A5EC2BC-C341-4598-A105-0FEFA84C3353}.Release|Any CPU.Build.0 = Release|Any CPU
	EndGlobalSection
	GlobalSection(SolutionProperties) = preSolution
		HideSolutionNode = FALSE
	EndGlobalSection
	GlobalSection(ExtensibilityGlobals) = postSolution
		SolutionGuid = {EDCFFD8A-A02A-48C7-B75D-266DDC860291}
	EndGlobalSection
EndGlobal
