
Microsoft Visual Studio Solution File, Format Version 12.00
# Visual Studio Version 17
VisualStudioVersion = 17.14.36616.10 d17.14
MinimumVisualStudioVersion = 10.0.40219.1
Project("{FAE04EC0-301F-11D3-BF4B-00C04F79EFBC}") = "Ejercicio1", "Ejercicio1\Ejercicio1.csproj", "{3FD7BE08-5062-4DD4-9A87-7AEDA710729D}"
EndProject
Global
	GlobalSection(SolutionConfigurationPlatforms) = preSolution
		Debug|Any CPU = Debug|Any CPU
		Release|Any CPU = Release|Any CPU
	EndGlobalSection
	GlobalSection(ProjectConfigurationPlatforms) = postSolution
		{3FD7BE08-5062-4DD4-9A87-7AEDA710729D}.Debug|Any CPU.ActiveCfg = Debug|Any CPU
		{3FD7BE08-5062-4DD4-9A87-7AEDA710729D}.Debug|Any CPU.Build.0 = Debug|Any CPU
		{3FD7BE08-5062-4DD4-9A87-7AEDA710729D}.Release|Any CPU.ActiveCfg = Release|Any CPU
		{3FD7BE08-5062-4DD4-9A87-7AEDA710729D}.Release|Any CPU.Build.0 = Release|Any CPU
	EndGlobalSection
	GlobalSection(SolutionProperties) = preSolution
		HideSolutionNode = FALSE
	EndGlobalSection
	GlobalSection(ExtensibilityGlobals) = postSolution
		SolutionGuid = {AD0513D5-C8D7-42DB-8551-097E4ED5DF6F}
	EndGlobalSection
EndGlobal
