
Microsoft Visual Studio Solution File, Format Version 12.00
# Visual Studio Version 17
VisualStudioVersion = 17.14.36414.22 d17.14
MinimumVisualStudioVersion = 10.0.40219.1
Project("{FAE04EC0-301F-11D3-BF4B-00C04F79EFBC}") = "Delegados2_1", "Delegados2_1\Delegados2_1.csproj", "{67BFD314-5F3D-46E5-9DF5-8311CE440296}"
EndProject
Global
	GlobalSection(SolutionConfigurationPlatforms) = preSolution
		Debug|Any CPU = Debug|Any CPU
		Release|Any CPU = Release|Any CPU
	EndGlobalSection
	GlobalSection(ProjectConfigurationPlatforms) = postSolution
		{67BFD314-5F3D-46E5-9DF5-8311CE440296}.Debug|Any CPU.ActiveCfg = Debug|Any CPU
		{67BFD314-5F3D-46E5-9DF5-8311CE440296}.Debug|Any CPU.Build.0 = Debug|Any CPU
		{67BFD314-5F3D-46E5-9DF5-8311CE440296}.Release|Any CPU.ActiveCfg = Release|Any CPU
		{67BFD314-5F3D-46E5-9DF5-8311CE440296}.Release|Any CPU.Build.0 = Release|Any CPU
	EndGlobalSection
	GlobalSection(SolutionProperties) = preSolution
		HideSolutionNode = FALSE
	EndGlobalSection
	GlobalSection(ExtensibilityGlobals) = postSolution
		SolutionGuid = {FB5A6A24-E05A-4EAF-8EC8-91DD3C0620BE}
	EndGlobalSection
EndGlobal
